
Microsoft Visual Studio Solution File, Format Version 12.00
# Visual Studio 14
VisualStudioVersion = 14.0.25420.1
MinimumVisualStudioVersion = 10.0.40219.1
Project("{FAE04EC0-301F-11D3-BF4B-00C04F79EFBC}") = "Tetris", "Tetris\Tetris.csproj", "{3064E2E1-42C7-42E9-B5A0-F9FE05016B98}"
EndProject
Project("{FAE04EC0-301F-11D3-BF4B-00C04F79EFBC}") = "Tetris.Tests", "Tetris.Tests\Tetris.Tests.csproj", "{AD43E52B-D5B3-485E-9F32-0C196E9B2259}"
EndProject
Global
	GlobalSection(SolutionConfigurationPlatforms) = preSolution
		Debug|Any CPU = Debug|Any CPU
		Release|Any CPU = Release|Any CPU
	EndGlobalSection
	GlobalSection(ProjectConfigurationPlatforms) = postSolution
		{3064E2E1-42C7-42E9-B5A0-F9FE05016B98}.Debug|Any CPU.ActiveCfg = Debug|Any CPU
		{3064E2E1-42C7-42E9-B5A0-F9FE05016B98}.Debug|Any CPU.Build.0 = Debug|Any CPU
		{3064E2E1-42C7-42E9-B5A0-F9FE05016B98}.Release|Any CPU.ActiveCfg = Release|Any CPU
		{3064E2E1-42C7-42E9-B5A0-F9FE05016B98}.Release|Any CPU.Build.0 = Release|Any CPU
		{AD43E52B-D5B3-485E-9F32-0C196E9B2259}.Debug|Any CPU.ActiveCfg = Debug|Any CPU
		{AD43E52B-D5B3-485E-9F32-0C196E9B2259}.Debug|Any CPU.Build.0 = Debug|Any CPU
		{AD43E52B-D5B3-485E-9F32-0C196E9B2259}.Release|Any CPU.ActiveCfg = Release|Any CPU
		{AD43E52B-D5B3-485E-9F32-0C196E9B2259}.Release|Any CPU.Build.0 = Release|Any CPU
	EndGlobalSection
	GlobalSection(SolutionProperties) = preSolution
		HideSolutionNode = FALSE
	EndGlobalSection
EndGlobal
